
Microsoft Visual Studio Solution File, Format Version 12.00
# Visual Studio 2017
Project("{FAE04EC0-301F-11D3-BF4B-00C04F79EFBC}") = "My_River_Raid", "My_River_Raid.csproj", "{A30EAE90-C1BB-49C9-7281-898137112F90}"
EndProject
Global
	GlobalSection(SolutionConfigurationPlatforms) = preSolution
		Debug|Any CPU = Debug|Any CPU
		Release|Any CPU = Release|Any CPU
	EndGlobalSection
	GlobalSection(ProjectConfigurationPlatforms) = postSolution
		{A30EAE90-C1BB-49C9-7281-898137112F90}.Debug|Any CPU.ActiveCfg = Debug|Any CPU
		{A30EAE90-C1BB-49C9-7281-898137112F90}.Debug|Any CPU.Build.0 = Debug|Any CPU
		{A30EAE90-C1BB-49C9-7281-898137112F90}.Release|Any CPU.ActiveCfg = Release|Any CPU
		{A30EAE90-C1BB-49C9-7281-898137112F90}.Release|Any CPU.Build.0 = Release|Any CPU
	EndGlobalSection
	GlobalSection(SolutionProperties) = preSolution
		HideSolutionNode = FALSE
	EndGlobalSection
EndGlobal
